github.com/google/uuid v1.3.0 h1:t6JiXgmwXMjEs8VusXIJk2BXHsn+wx8BZdTaoZ5fu7I=
github.com/google/uuid v1.3.0/go.mod h1:TIyPZe4MgqvfeYDBFedMoGGpEw/LqOeaOT+nhxU+yHo=
golang.org/x/exp v0.0.0-20220613132600-b0d781184e0d h1:vtUKgx8dahOomfFzLREU8nSv25YHnTgLBn4rDnWZdU0=
golang.org/x/exp v0.0.0-20220613132600-b0d781184e0d/go.mod h1:Kr81I6Kryrl9sr8s2FK3vxD90NdsKWRuOIl2O4CvYbA=
golang.org/x/text v0.3.7 h1:olpwvP2KacW1ZWvsR7uQhoyTYvKAupfQrRGBFM352Gk=
golang.org/x/text v0.3.7/go.mod h1:u+2+/6zg+i71rQMx5EYifcz6MCKuco9NR6JIITiCfzQ=
